{
  "object": {
    "pins": [
      {
        "package": "CNCURSES",
        "repositoryURL": "https://github.com/TheCoderMerlin/CNCURSES.git",
        "state": {
          "branch": null,
          "revision": "de907b6f981b5688bc588159426a05de0b16c0ee",
          "version": "1.0.2"
        }
      },
      {
        "package": "Curses",
        "repositoryURL": "https://github.com/TheCoderMerlin/Curses.git",
        "state": {
          "branch": null,
          "revision": "913804bd82060deb3a1b2160bee6af3fc3240fc8",
          "version": "1.0.4"
        }
      }
    ]
  },
  "version": 1
}
